
Microsoft Visual Studio Solution File, Format Version 12.00
# Visual Studio Version 17
VisualStudioVersion = 17.9.34728.123
MinimumVisualStudioVersion = 10.0.40219.1
Project("{9A19103F-16F7-4668-BE54-9A1E7A4F7556}") = "SistemaInventario", "SistemaInventario\SistemaInventario.csproj", "{3F341258-FB2B-4732-9476-89546B599892}"
EndProject
Project("{9A19103F-16F7-4668-BE54-9A1E7A4F7556}") = "SistemaInventario.AccesoDatos", "SistemaInventario.AccesoDatos\SistemaInventario.AccesoDatos.csproj", "{CD10CB3E-515B-4238-ABE9-7DABC0228C6B}"
EndProject
Project("{9A19103F-16F7-4668-BE54-9A1E7A4F7556}") = "SistemaInventario.Modelos", "SistemaInventario.Modelos\SistemaInventario.Modelos.csproj", "{BC0D9763-4443-4761-ADF9-83F18709296C}"
EndProject
Project("{9A19103F-16F7-4668-BE54-9A1E7A4F7556}") = "SistemaInventario.Utilidades", "SistemaInventario.Utilidades\SistemaInventario.Utilidades.csproj", "{58360C3C-1716-4AE4-9A81-571293226DBD}"
EndProject
Global
	GlobalSection(SolutionConfigurationPlatforms) = preSolution
		Debug|Any CPU = Debug|Any CPU
		Release|Any CPU = Release|Any CPU
	EndGlobalSection
	GlobalSection(ProjectConfigurationPlatforms) = postSolution
		{3F341258-FB2B-4732-9476-89546B599892}.Debug|Any CPU.ActiveCfg = Debug|Any CPU
		{3F341258-FB2B-4732-9476-89546B599892}.Debug|Any CPU.Build.0 = Debug|Any CPU
		{3F341258-FB2B-4732-9476-89546B599892}.Release|Any CPU.ActiveCfg = Release|Any CPU
		{3F341258-FB2B-4732-9476-89546B599892}.Release|Any CPU.Build.0 = Release|Any CPU
		{CD10CB3E-515B-4238-ABE9-7DABC0228C6B}.Debug|Any CPU.ActiveCfg = Debug|Any CPU
		{CD10CB3E-515B-4238-ABE9-7DABC0228C6B}.Debug|Any CPU.Build.0 = Debug|Any CPU
		{CD10CB3E-515B-4238-ABE9-7DABC0228C6B}.Release|Any CPU.ActiveCfg = Release|Any CPU
		{CD10CB3E-515B-4238-ABE9-7DABC0228C6B}.Release|Any CPU.Build.0 = Release|Any CPU
		{BC0D9763-4443-4761-ADF9-83F18709296C}.Debug|Any CPU.ActiveCfg = Debug|Any CPU
		{BC0D9763-4443-4761-ADF9-83F18709296C}.Debug|Any CPU.Build.0 = Debug|Any CPU
		{BC0D9763-4443-4761-ADF9-83F18709296C}.Release|Any CPU.ActiveCfg = Release|Any CPU
		{BC0D9763-4443-4761-ADF9-83F18709296C}.Release|Any CPU.Build.0 = Release|Any CPU
		{58360C3C-1716-4AE4-9A81-571293226DBD}.Debug|Any CPU.ActiveCfg = Debug|Any CPU
		{58360C3C-1716-4AE4-9A81-571293226DBD}.Debug|Any CPU.Build.0 = Debug|Any CPU
		{58360C3C-1716-4AE4-9A81-571293226DBD}.Release|Any CPU.ActiveCfg = Release|Any CPU
		{58360C3C-1716-4AE4-9A81-571293226DBD}.Release|Any CPU.Build.0 = Release|Any CPU
	EndGlobalSection
	GlobalSection(SolutionProperties) = preSolution
		HideSolutionNode = FALSE
	EndGlobalSection
	GlobalSection(ExtensibilityGlobals) = postSolution
		SolutionGuid = {F65E6A76-AABC-493E-89F3-22712FF2ADF5}
	EndGlobalSection
EndGlobal
